
Microsoft Visual Studio Solution File, Format Version 12.00
# Visual Studio 15
VisualStudioVersion = 15.0.27428.2015
MinimumVisualStudioVersion = 10.0.40219.1
Project("{9A19103F-16F7-4668-BE54-9A1E7A4F7556}") = "FlurlDemo", "FlurlDemo\FlurlDemo.csproj", "{52492183-7265-4339-B5AB-989DACD4881F}"
EndProject
Project("{9A19103F-16F7-4668-BE54-9A1E7A4F7556}") = "FlurlDemo.Tests", "FlurlDemo.Tests\FlurlDemo.Tests.csproj", "{515B44E2-966D-4507-BCAC-2EA72A0A4631}"
EndProject
Global
	GlobalSection(SolutionConfigurationPlatforms) = preSolution
		Debug|Any CPU = Debug|Any CPU
		Release|Any CPU = Release|Any CPU
	EndGlobalSection
	GlobalSection(ProjectConfigurationPlatforms) = postSolution
		{52492183-7265-4339-B5AB-989DACD4881F}.Debug|Any CPU.ActiveCfg = Debug|Any CPU
		{52492183-7265-4339-B5AB-989DACD4881F}.Debug|Any CPU.Build.0 = Debug|Any CPU
		{52492183-7265-4339-B5AB-989DACD4881F}.Release|Any CPU.ActiveCfg = Release|Any CPU
		{52492183-7265-4339-B5AB-989DACD4881F}.Release|Any CPU.Build.0 = Release|Any CPU
		{515B44E2-966D-4507-BCAC-2EA72A0A4631}.Debug|Any CPU.ActiveCfg = Debug|Any CPU
		{515B44E2-966D-4507-BCAC-2EA72A0A4631}.Debug|Any CPU.Build.0 = Debug|Any CPU
		{515B44E2-966D-4507-BCAC-2EA72A0A4631}.Release|Any CPU.ActiveCfg = Release|Any CPU
		{515B44E2-966D-4507-BCAC-2EA72A0A4631}.Release|Any CPU.Build.0 = Release|Any CPU
	EndGlobalSection
	GlobalSection(SolutionProperties) = preSolution
		HideSolutionNode = FALSE
	EndGlobalSection
	GlobalSection(ExtensibilityGlobals) = postSolution
		SolutionGuid = {00508D9F-BDBA-4618-8939-674A38ED570D}
	EndGlobalSection
EndGlobal
